// !$*UTF8*$!
{
	archiveVersion = 1;
	classes = {
	};
	objectVersion = 50;
	objects = {

/* Begin PBXBuildFile section */
		CF22BAB4268BAE2D00083565 /* AppDelegate.swift in Sources */ = {isa = PBXBuildFile; fileRef = CF22BAB3268BAE2D00083565 /* AppDelegate.swift */; };
		CF22BAB6268BAE2D00083565 /* SceneDelegate.swift in Sources */ = {isa = PBXBuildFile; fileRef = CF22BAB5268BAE2D00083565 /* SceneDelegate.swift */; };
		CF22BAB8268BAE2D00083565 /* ViewController.swift in Sources */ = {isa = PBXBuildFile; fileRef = CF22BAB7268BAE2D00083565 /* ViewController.swift */; };
		CF22BABB268BAE2D00083565 /* Main.storyboard in Resources */ = {isa = PBXBuildFile; fileRef = CF22BAB9268BAE2D00083565 /* Main.storyboard */; };
		CF22BABD268BAE2E00083565 /* Assets.xcassets in Resources */ = {isa = PBXBuildFile; fileRef = CF22BABC268BAE2E00083565 /* Assets.xcassets */; };
		CF22BAC0268BAE2E00083565 /* LaunchScreen.storyboard in Resources */ = {isa = PBXBuildFile; fileRef = CF22BABE268BAE2E00083565 /* LaunchScreen.storyboard */; };
		CF22BAC8268BB65A00083565 /* DetailViewController.swift in Sources */ = {isa = PBXBuildFile; fileRef = CF22BAC7268BB65A00083565 /* DetailViewController.swift */; };
		CF90F42426CDB4D2006BE75E /* Notes.xcdatamodeld in Sources */ = {isa = PBXBuildFile; fileRef = CF90F41B26CDB289006BE75E /* Notes.xcdatamodeld */; };
		CF90F42B26CDB579006BE75E /* Note+CoreDataClass.swift in Sources */ = {isa = PBXBuildFile; fileRef = CF90F42926CDB579006BE75E /* Note+CoreDataClass.swift */; };
		CF90F42C26CDB579006BE75E /* Note+CoreDataProperties.swift in Sources */ = {isa = PBXBuildFile; fileRef = CF90F42A26CDB579006BE75E /* Note+CoreDataProperties.swift */; };
/* End PBXBuildFile section */

/* Begin PBXFileReference section */
		CF22BAB0268BAE2D00083565 /* Notes.app */ = {isa = PBXFileReference; explicitFileType = wrapper.application; includeInIndex = 0; path = Notes.app; sourceTree = BUILT_PRODUCTS_DIR; };
		CF22BAB3268BAE2D00083565 /* AppDelegate.swift */ = {isa = PBXFileReference; lastKnownFileType = sourcecode.swift; path = AppDelegate.swift; sourceTree = "<group>"; };
		CF22BAB5268BAE2D00083565 /* SceneDelegate.swift */ = {isa = PBXFileReference; lastKnownFileType = sourcecode.swift; path = SceneDelegate.swift; sourceTree = "<group>"; };
		CF22BAB7268BAE2D00083565 /* ViewController.swift */ = {isa = PBXFileReference; lastKnownFileType = sourcecode.swift; path = ViewController.swift; sourceTree = "<group>"; };
		CF22BABA268BAE2D00083565 /* Base */ = {isa = PBXFileReference; lastKnownFileType = file.storyboard; name = Base; path = Base.lproj/Main.storyboard; sourceTree = "<group>"; };
		CF22BABC268BAE2E00083565 /* Assets.xcassets */ = {isa = PBXFileReference; lastKnownFileType = folder.assetcatalog; path = Assets.xcassets; sourceTree = "<group>"; };
		CF22BABF268BAE2E00083565 /* Base */ = {isa = PBXFileReference; lastKnownFileType = file.storyboard; name = Base; path = Base.lproj/LaunchScreen.storyboard; sourceTree = "<group>"; };
		CF22BAC1268BAE2E00083565 /* Info.plist */ = {isa = PBXFileReference; lastKnownFileType = text.plist.xml; path = Info.plist; sourceTree = "<group>"; };
		CF22BAC7268BB65A00083565 /* DetailViewController.swift */ = {isa = PBXFileReference; lastKnownFileType = sourcecode.swift; path = DetailViewController.swift; sourceTree = "<group>"; };
		CF90F41C26CDB289006BE75E /* Notes.xcdatamodel */ = {isa = PBXFileReference; lastKnownFileType = wrapper.xcdatamodel; path = Notes.xcdatamodel; sourceTree = "<group>"; };
		CF90F42926CDB579006BE75E /* Note+CoreDataClass.swift */ = {isa = PBXFileReference; lastKnownFileType = sourcecode.swift; path = "Note+CoreDataClass.swift"; sourceTree = "<group>"; };
		CF90F42A26CDB579006BE75E /* Note+CoreDataProperties.swift */ = {isa = PBXFileReference; lastKnownFileType = sourcecode.swift; path = "Note+CoreDataProperties.swift"; sourceTree = "<group>"; };
/* End PBXFileReference section */

/* Begin PBXFrameworksBuildPhase section */
		CF22BAAD268BAE2D00083565 /* Frameworks */ = {
			isa = PBXFrameworksBuildPhase;
			buildActionMask = 2147483647;
			files = (
			);
			runOnlyForDeploymentPostprocessing = 0;
		};
/* End PBXFrameworksBuildPhase section */

/* Begin PBXGroup section */
		CF22BAA7268BAE2D00083565 = {
			isa = PBXGroup;
			children = (
				CF22BAB2268BAE2D00083565 /* Notes */,
				CF22BAB1268BAE2D00083565 /* Products */,
			);
			sourceTree = "<group>";
		};
		CF22BAB1268BAE2D00083565 /* Products */ = {
			isa = PBXGroup;
			children = (
				CF22BAB0268BAE2D00083565 /* Notes.app */,
			);
			name = Products;
			sourceTree = "<group>";
		};
		CF22BAB2268BAE2D00083565 /* Notes */ = {
			isa = PBXGroup;
			children = (
				CF90F42226CDB32E006BE75E /* Model */,
				CF22BAB3268BAE2D00083565 /* AppDelegate.swift */,
				CF22BAB5268BAE2D00083565 /* SceneDelegate.swift */,
				CF22BAB7268BAE2D00083565 /* ViewController.swift */,
				CF22BAC7268BB65A00083565 /* DetailViewController.swift */,
				CF22BAB9268BAE2D00083565 /* Main.storyboard */,
				CF22BABC268BAE2E00083565 /* Assets.xcassets */,
				CF22BABE268BAE2E00083565 /* LaunchScreen.storyboard */,
				CF22BAC1268BAE2E00083565 /* Info.plist */,
				CF90F41B26CDB289006BE75E /* Notes.xcdatamodeld */,
			);
			path = Notes;
			sourceTree = "<group>";
		};
		CF90F42226CDB32E006BE75E /* Model */ = {
			isa = PBXGroup;
			children = (
				CF90F42926CDB579006BE75E /* Note+CoreDataClass.swift */,
				CF90F42A26CDB579006BE75E /* Note+CoreDataProperties.swift */,
			);
			path = Model;
			sourceTree = "<group>";
		};
/* End PBXGroup section */

/* Begin PBXNativeTarget section */
		CF22BAAF268BAE2D00083565 /* Notes */ = {
			isa = PBXNativeTarget;
			buildConfigurationList = CF22BAC4268BAE2E00083565 /* Build configuration list for PBXNativeTarget "Notes" */;
			buildPhases = (
				CF22BAAC268BAE2D00083565 /* Sources */,
				CF22BAAD268BAE2D00083565 /* Frameworks */,
				CF22BAAE268BAE2D00083565 /* Resources */,
			);
			buildRules = (
			);
			dependencies = (
			);
			name = Notes;
			productName = Notes;
			productReference = CF22BAB0268BAE2D00083565 /* Notes.app */;
			productType = "com.apple.product-type.application";
		};
/* End PBXNativeTarget section */

/* Begin PBXProject section */
		CF22BAA8268BAE2D00083565 /* Project object */ = {
			isa = PBXProject;
			attributes = {
				LastSwiftUpdateCheck = 1250;
				LastUpgradeCheck = 1250;
				TargetAttributes = {
					CF22BAAF268BAE2D00083565 = {
						CreatedOnToolsVersion = 12.5.1;
					};
				};
			};
			buildConfigurationList = CF22BAAB268BAE2D00083565 /* Build configuration list for PBXProject "Notes" */;
			compatibilityVersion = "Xcode 9.3";
			developmentRegion = en;
			hasScannedForEncodings = 0;
			knownRegions = (
				en,
				Base,
			);
			mainGroup = CF22BAA7268BAE2D00083565;
			productRefGroup = CF22BAB1268BAE2D00083565 /* Products */;
			projectDirPath = "";
			projectRoot = "";
			targets = (
				CF22BAAF268BAE2D00083565 /* Notes */,
			);
		};
/* End PBXProject section */

/* Begin PBXResourcesBuildPhase section */
		CF22BAAE268BAE2D00083565 /* Resources */ = {
			isa = PBXResourcesBuildPhase;
			buildActionMask = 2147483647;
			files = (
				CF22BAC0268BAE2E00083565 /* LaunchScreen.storyboard in Resources */,
				CF22BABD268BAE2E00083565 /* Assets.xcassets in Resources */,
				CF22BABB268BAE2D00083565 /* Main.storyboard in Resources */,
			);
			runOnlyForDeploymentPostprocessing = 0;
		};
/* End PBXResourcesBuildPhase section */

/* Begin PBXSourcesBuildPhase section */
		CF22BAAC268BAE2D00083565 /* Sources */ = {
			isa = PBXSourcesBuildPhase;
			buildActionMask = 2147483647;
			files = (
				CF90F42426CDB4D2006BE75E /* Notes.xcdatamodeld in Sources */,
				CF22BAB8268BAE2D00083565 /* ViewController.swift in Sources */,
				CF22BAB4268BAE2D00083565 /* AppDelegate.swift in Sources */,
				CF90F42B26CDB579006BE75E /* Note+CoreDataClass.swift in Sources */,
				CF22BAB6268BAE2D00083565 /* SceneDelegate.swift in Sources */,
				CF22BAC8268BB65A00083565 /* DetailViewController.swift in Sources */,
				CF90F42C26CDB579006BE75E /* Note+CoreDataProperties.swift in Sources */,
			);
			runOnlyForDeploymentPostprocessing = 0;
		};
/* End PBXSourcesBuildPhase section */

/* Begin PBXVariantGroup section */
		CF22BAB9268BAE2D00083565 /* Main.storyboard */ = {
			isa = PBXVariantGroup;
			children = (
				CF22BABA268BAE2D00083565 /* Base */,
			);
			name = Main.storyboard;
			sourceTree = "<group>";
		};
		CF22BABE268BAE2E00083565 /* LaunchScreen.storyboard */ = {
			isa = PBXVariantGroup;
			children = (
				CF22BABF268BAE2E00083565 /* Base */,
			);
			name = LaunchScreen.storyboard;
			sourceTree = "<group>";
		};
/* End PBXVariantGroup section */

/* Begin XCBuildConfiguration section */
		CF22BAC2268BAE2E00083565 /* Debug */ = {
			isa = XCBuildConfiguration;
			buildSettings = {
				ALWAYS_SEARCH_USER_PATHS = NO;
				CLANG_ANALYZER_NONNULL = YES;
				CLANG_ANALYZER_NUMBER_OBJECT_CONVERSION = YES_AGGRESSIVE;
				CLANG_CXX_LANGUAGE_STANDARD = "gnu++14";
				CLANG_CXX_LIBRARY = "libc++";
				CLANG_ENABLE_MODULES = YES;
				CLANG_ENABLE_OBJC_ARC = YES;
				CLANG_ENABLE_OBJC_WEAK = YES;
				CLANG_WARN_BLOCK_CAPTURE_AUTORELEASING = YES;
				CLANG_WARN_BOOL_CONVERSION = YES;
				CLANG_WARN_COMMA = YES;
				CLANG_WARN_CONSTANT_CONVERSION = YES;
				CLANG_WARN_DEPRECATED_OBJC_IMPLEMENTATIONS = YES;
				CLANG_WARN_DIRECT_OBJC_ISA_USAGE = YES_ERROR;
				CLANG_WARN_DOCUMENTATION_COMMENTS = YES;
				CLANG_WARN_EMPTY_BODY = YES;
				CLANG_WARN_ENUM_CONVERSION = YES;
				CLANG_WARN_INFINITE_RECURSION = YES;
				CLANG_WARN_INT_CONVERSION = YES;
				CLANG_WARN_NON_LITERAL_NULL_CONVERSION = YES;
				CLANG_WARN_OBJC_IMPLICIT_RETAIN_SELF = YES;
				CLANG_WARN_OBJC_LITERAL_CONVERSION = YES;
				CLANG_WARN_OBJC_ROOT_CLASS = YES_ERROR;
				CLANG_WARN_QUOTED_INCLUDE_IN_FRAMEWORK_HEADER = YES;
				CLANG_WARN_RANGE_LOOP_ANALYSIS = YES;
				CLANG_WARN_STRICT_PROTOTYPES = YES;
				CLANG_WARN_SUSPICIOUS_MOVE = YES;
				CLANG_WARN_UNGUARDED_AVAILABILITY = YES_AGGRESSIVE;
				CLANG_WARN_UNREACHABLE_CODE = YES;
				CLANG_WARN__DUPLICATE_METHOD_MATCH = YES;
				COPY_PHASE_STRIP = NO;
				DEBUG_INFORMATION_FORMAT = dwarf;
				ENABLE_STRICT_OBJC_MSGSEND = YES;
				ENABLE_TESTABILITY = YES;
				GCC_C_LANGUAGE_STANDARD = gnu11;
				GCC_DYNAMIC_NO_PIC = NO;
				GCC_NO_COMMON_BLOCKS = YES;
				GCC_OPTIMIZATION_LEVEL = 0;
				GCC_PREPROCESSOR_DEFINITIONS = (
					"DEBUG=1",
					"$(inherited)",
				);
				GCC_WARN_64_TO_32_BIT_CONVERSION = YES;
				GCC_WARN_ABOUT_RETURN_TYPE = YES_ERROR;
				GCC_WARN_UNDECLARED_SELECTOR = YES;
				GCC_WARN_UNINITIALIZED_AUTOS = YES_AGGRESSIVE;
				GCC_WARN_UNUSED_FUNCTION = YES;
				GCC_WARN_UNUSED_VARIABLE = YES;
				IPHONEOS_DEPLOYMENT_TARGET = 14.5;
				MTL_ENABLE_DEBUG_INFO = INCLUDE_SOURCE;
				MTL_FAST_MATH = YES;
				ONLY_ACTIVE_ARCH = YES;
				SDKROOT = iphoneos;
				SWIFT_ACTIVE_COMPILATION_CONDITIONS = DEBUG;
				SWIFT_OPTIMIZATION_LEVEL = "-Onone";
			};
			name = Debug;
		};
		CF22BAC3268BAE2E00083565 /* Release */ = {
			isa = XCBuildConfiguration;
			buildSettings = {
				ALWAYS_SEARCH_USER_PATHS = NO;
				CLANG_ANALYZER_NONNULL = YES;
				CLANG_ANALYZER_NUMBER_OBJECT_CONVERSION = YES_AGGRESSIVE;
				CLANG_CXX_LANGUAGE_STANDARD = "gnu++14";
				CLANG_CXX_LIBRARY = "libc++";
				CLANG_ENABLE_MODULES = YES;
				CLANG_ENABLE_OBJC_ARC = YES;
				CLANG_ENABLE_OBJC_WEAK = YES;
				CLANG_WARN_BLOCK_CAPTURE_AUTORELEASING = YES;
				CLANG_WARN_BOOL_CONVERSION = YES;
				CLANG_WARN_COMMA = YES;
				CLANG_WARN_CONSTANT_CONVERSION = YES;
				CLANG_WARN_DEPRECATED_OBJC_IMPLEMENTATIONS = YES;
				CLANG_WARN_DIRECT_OBJC_ISA_USAGE = YES_ERROR;
				CLANG_WARN_DOCUMENTATION_COMMENTS = YES;
				CLANG_WARN_EMPTY_BODY = YES;
				CLANG_WARN_ENUM_CONVERSION = YES;
				CLANG_WARN_INFINITE_RECURSION = YES;
				CLANG_WARN_INT_CONVERSION = YES;
				CLANG_WARN_NON_LITERAL_NULL_CONVERSION = YES;
				CLANG_WARN_OBJC_IMPLICIT_RETAIN_SELF = YES;
				CLANG_WARN_OBJC_LITERAL_CONVERSION = YES;
				CLANG_WARN_OBJC_ROOT_CLASS = YES_ERROR;
				CLANG_WARN_QUOTED_INCLUDE_IN_FRAMEWORK_HEADER = YES;
				CLANG_WARN_RANGE_LOOP_ANALYSIS = YES;
				CLANG_WARN_STRICT_PROTOTYPES = YES;
				CLANG_WARN_SUSPICIOUS_MOVE = YES;
				CLANG_WARN_UNGUARDED_AVAILABILITY = YES_AGGRESSIVE;
				CLANG_WARN_UNREACHABLE_CODE = YES;
				CLANG_WARN__DUPLICATE_METHOD_MATCH = YES;
				COPY_PHASE_STRIP = NO;
				DEBUG_INFORMATION_FORMAT = "dwarf-with-dsym";
				ENABLE_NS_ASSERTIONS = NO;
				ENABLE_STRICT_OBJC_MSGSEND = YES;
				GCC_C_LANGUAGE_STANDARD = gnu11;
				GCC_NO_COMMON_BLOCKS = YES;
				GCC_WARN_64_TO_32_BIT_CONVERSION = YES;
				GCC_WARN_ABOUT_RETURN_TYPE = YES_ERROR;
				GCC_WARN_UNDECLARED_SELECTOR = YES;
				GCC_WARN_UNINITIALIZED_AUTOS = YES_AGGRESSIVE;
				GCC_WARN_UNUSED_FUNCTION = YES;
				GCC_WARN_UNUSED_VARIABLE = YES;
				IPHONEOS_DEPLOYMENT_TARGET = 14.5;
				MTL_ENABLE_DEBUG_INFO = NO;
				MTL_FAST_MATH = YES;
				SDKROOT = iphoneos;
				SWIFT_COMPILATION_MODE = wholemodule;
				SWIFT_OPTIMIZATION_LEVEL = "-O";
				VALIDATE_PRODUCT = YES;
			};
			name = Release;
		};
		CF22BAC5268BAE2E00083565 /* Debug */ = {
			isa = XCBuildConfiguration;
			buildSettings = {
				ASSETCATALOG_COMPILER_APPICON_NAME = AppIcon;
				ASSETCATALOG_COMPILER_GLOBAL_ACCENT_COLOR_NAME = AccentColor;
				CODE_SIGN_STYLE = Automatic;
				DEVELOPMENT_TEAM = 7ZR6YQA8DL;
				INFOPLIST_FILE = Notes/Info.plist;
				LD_RUNPATH_SEARCH_PATHS = (
					"$(inherited)",
					"@executable_path/Frameworks",
				);
				PRODUCT_BUNDLE_IDENTIFIER = com.overtrip.Notes;
				PRODUCT_NAME = "$(TARGET_NAME)";
				SWIFT_VERSION = 5.0;
				TARGETED_DEVICE_FAMILY = "1,2";
			};
			name = Debug;
		};
		CF22BAC6268BAE2E00083565 /* Release */ = {
			isa = XCBuildConfiguration;
			buildSettings = {
				ASSETCATALOG_COMPILER_APPICON_NAME = AppIcon;
				ASSETCATALOG_COMPILER_GLOBAL_ACCENT_COLOR_NAME = AccentColor;
				CODE_SIGN_STYLE = Automatic;
				DEVELOPMENT_TEAM = 7ZR6YQA8DL;
				INFOPLIST_FILE = Notes/Info.plist;
				LD_RUNPATH_SEARCH_PATHS = (
					"$(inherited)",
					"@executable_path/Frameworks",
				);
				PRODUCT_BUNDLE_IDENTIFIER = com.overtrip.Notes;
				PRODUCT_NAME = "$(TARGET_NAME)";
				SWIFT_VERSION = 5.0;
				TARGETED_DEVICE_FAMILY = "1,2";
			};
			name = Release;
		};
/* End XCBuildConfiguration section */

/* Begin XCConfigurationList section */
		CF22BAAB268BAE2D00083565 /* Build configuration list for PBXProject "Notes" */ = {
			isa = XCConfigurationList;
			buildConfigurations = (
				CF22BAC2268BAE2E00083565 /* Debug */,
				CF22BAC3268BAE2E00083565 /* Release */,
			);
			defaultConfigurationIsVisible = 0;
			defaultConfigurationName = Release;
		};
		CF22BAC4268BAE2E00083565 /* Build configuration list for PBXNativeTarget "Notes" */ = {
			isa = XCConfigurationList;
			buildConfigurations = (
				CF22BAC5268BAE2E00083565 /* Debug */,
				CF22BAC6268BAE2E00083565 /* Release */,
			);
			defaultConfigurationIsVisible = 0;
			defaultConfigurationName = Release;
		};
/* End XCConfigurationList section */

/* Begin XCVersionGroup section */
		CF90F41B26CDB289006BE75E /* Notes.xcdatamodeld */ = {
			isa = XCVersionGroup;
			children = (
				CF90F41C26CDB289006BE75E /* Notes.xcdatamodel */,
			);
			currentVersion = CF90F41C26CDB289006BE75E /* Notes.xcdatamodel */;
			path = Notes.xcdatamodeld;
			sourceTree = "<group>";
			versionGroupType = wrapper.xcdatamodel;
		};
/* End XCVersionGroup section */
	};
	rootObject = CF22BAA8268BAE2D00083565 /* Project object */;
}
